
Microsoft Visual Studio Solution File, Format Version 12.00
# Visual Studio Version 16
VisualStudioVersion = 16.0.29613.14
MinimumVisualStudioVersion = 10.0.40219.1
Project("{9A19103F-16F7-4668-BE54-9A1E7A4F7556}") = "SimpleInterop", "SimpleInterop\SimpleInterop.csproj", "{65463E9F-2DE1-4FB2-B5D8-1245BA268862}"
EndProject
Project("{9A19103F-16F7-4668-BE54-9A1E7A4F7556}") = "BitCheck", "ConsoleApp1\BitCheck.csproj", "{F1676E76-18DF-4804-9492-2F8DA6CD7D3C}"
EndProject
Project("{9A19103F-16F7-4668-BE54-9A1E7A4F7556}") = "EntryPoints", "EntryPoints\EntryPoints.csproj", "{A022141E-C0F6-471B-99F3-3304C9C059C5}"
EndProject
Project("{FAE04EC0-301F-11D3-BF4B-00C04F79EFBC}") = "CallingConventions", "CallingConventions\CallingConventions.csproj", "{72D4AFD6-88B4-405C-8DFF-E2C582FAE86B}"
EndProject
Global
	GlobalSection(SolutionConfigurationPlatforms) = preSolution
		Debug|Any CPU = Debug|Any CPU
		Release|Any CPU = Release|Any CPU
	EndGlobalSection
	GlobalSection(ProjectConfigurationPlatforms) = postSolution
		{65463E9F-2DE1-4FB2-B5D8-1245BA268862}.Debug|Any CPU.ActiveCfg = Debug|Any CPU
		{65463E9F-2DE1-4FB2-B5D8-1245BA268862}.Debug|Any CPU.Build.0 = Debug|Any CPU
		{65463E9F-2DE1-4FB2-B5D8-1245BA268862}.Release|Any CPU.ActiveCfg = Release|Any CPU
		{65463E9F-2DE1-4FB2-B5D8-1245BA268862}.Release|Any CPU.Build.0 = Release|Any CPU
		{F1676E76-18DF-4804-9492-2F8DA6CD7D3C}.Debug|Any CPU.ActiveCfg = Debug|Any CPU
		{F1676E76-18DF-4804-9492-2F8DA6CD7D3C}.Debug|Any CPU.Build.0 = Debug|Any CPU
		{F1676E76-18DF-4804-9492-2F8DA6CD7D3C}.Release|Any CPU.ActiveCfg = Release|Any CPU
		{F1676E76-18DF-4804-9492-2F8DA6CD7D3C}.Release|Any CPU.Build.0 = Release|Any CPU
		{A022141E-C0F6-471B-99F3-3304C9C059C5}.Debug|Any CPU.ActiveCfg = Debug|Any CPU
		{A022141E-C0F6-471B-99F3-3304C9C059C5}.Debug|Any CPU.Build.0 = Debug|Any CPU
		{A022141E-C0F6-471B-99F3-3304C9C059C5}.Release|Any CPU.ActiveCfg = Release|Any CPU
		{A022141E-C0F6-471B-99F3-3304C9C059C5}.Release|Any CPU.Build.0 = Release|Any CPU
		{72D4AFD6-88B4-405C-8DFF-E2C582FAE86B}.Debug|Any CPU.ActiveCfg = Debug|Any CPU
		{72D4AFD6-88B4-405C-8DFF-E2C582FAE86B}.Debug|Any CPU.Build.0 = Debug|Any CPU
		{72D4AFD6-88B4-405C-8DFF-E2C582FAE86B}.Release|Any CPU.ActiveCfg = Release|Any CPU
		{72D4AFD6-88B4-405C-8DFF-E2C582FAE86B}.Release|Any CPU.Build.0 = Release|Any CPU
	EndGlobalSection
	GlobalSection(SolutionProperties) = preSolution
		HideSolutionNode = FALSE
	EndGlobalSection
	GlobalSection(ExtensibilityGlobals) = postSolution
		SolutionGuid = {0BCDCA6C-AFF5-4060-AB31-6B87D13D0234}
	EndGlobalSection
EndGlobal
